
Microsoft Visual Studio Solution File, Format Version 12.00
# Visual Studio Version 17
VisualStudioVersion = 17.3.32819.101
MinimumVisualStudioVersion = 10.0.40219.1
Project("{9A19103F-16F7-4668-BE54-9A1E7A4F7556}") = "DSCcore", "DSCcore\DSCcore.csproj", "{F44943C6-F24F-4AE7-A793-1EF96AB7CAE4}"
EndProject
Project("{9A19103F-16F7-4668-BE54-9A1E7A4F7556}") = "DSCcoreTest", "DSCcoreTest\DSCcoreTest.csproj", "{587022AB-718E-4EC6-821A-16A78FA82A2F}"
EndProject
Project("{9A19103F-16F7-4668-BE54-9A1E7A4F7556}") = "DCS_WPF", "DCS_WPF\DCS_WPF.csproj", "{EF90EECE-0ECA-4775-BC8E-9CB36BDAA155}"
EndProject
Project("{9A19103F-16F7-4668-BE54-9A1E7A4F7556}") = "DSClibrary", "DSClibrary\DSClibrary.csproj", "{678D4F1D-4397-44C1-B2B4-045CD108774D}"
EndProject
Project("{9A19103F-16F7-4668-BE54-9A1E7A4F7556}") = "DSClibraryTests", "DSClibraryTests\DSClibraryTests.csproj", "{70EE91F6-0029-4F92-9E28-76F3E32D44F2}"
EndProject
Project("{9A19103F-16F7-4668-BE54-9A1E7A4F7556}") = "DSCprofiles", "DSCprofiles\DSCprofiles.csproj", "{691537B9-982A-4197-82C9-B5ECACBCB44C}"
EndProject
Project("{2150E333-8FDC-42A3-9474-1A3956D46DE8}") = "Solution Items", "Solution Items", "{0C1CB9FE-F95D-4CCD-B0A7-4AA117E108C4}"
EndProject
Global
	GlobalSection(SolutionConfigurationPlatforms) = preSolution
		Debug|Any CPU = Debug|Any CPU
		Debug|x64 = Debug|x64
		Release|Any CPU = Release|Any CPU
		Release|x64 = Release|x64
	EndGlobalSection
	GlobalSection(ProjectConfigurationPlatforms) = postSolution
		{F44943C6-F24F-4AE7-A793-1EF96AB7CAE4}.Debug|Any CPU.ActiveCfg = Debug|x64
		{F44943C6-F24F-4AE7-A793-1EF96AB7CAE4}.Debug|Any CPU.Build.0 = Debug|x64
		{F44943C6-F24F-4AE7-A793-1EF96AB7CAE4}.Debug|x64.ActiveCfg = Debug|x64
		{F44943C6-F24F-4AE7-A793-1EF96AB7CAE4}.Debug|x64.Build.0 = Debug|x64
		{F44943C6-F24F-4AE7-A793-1EF96AB7CAE4}.Release|Any CPU.ActiveCfg = Release|x64
		{F44943C6-F24F-4AE7-A793-1EF96AB7CAE4}.Release|Any CPU.Build.0 = Release|x64
		{F44943C6-F24F-4AE7-A793-1EF96AB7CAE4}.Release|x64.ActiveCfg = Release|x64
		{F44943C6-F24F-4AE7-A793-1EF96AB7CAE4}.Release|x64.Build.0 = Release|x64
		{587022AB-718E-4EC6-821A-16A78FA82A2F}.Debug|Any CPU.ActiveCfg = Debug|x64
		{587022AB-718E-4EC6-821A-16A78FA82A2F}.Debug|Any CPU.Build.0 = Debug|x64
		{587022AB-718E-4EC6-821A-16A78FA82A2F}.Debug|x64.ActiveCfg = Debug|x64
		{587022AB-718E-4EC6-821A-16A78FA82A2F}.Debug|x64.Build.0 = Debug|x64
		{587022AB-718E-4EC6-821A-16A78FA82A2F}.Release|Any CPU.ActiveCfg = Release|x64
		{587022AB-718E-4EC6-821A-16A78FA82A2F}.Release|Any CPU.Build.0 = Release|x64
		{587022AB-718E-4EC6-821A-16A78FA82A2F}.Release|x64.ActiveCfg = Release|x64
		{587022AB-718E-4EC6-821A-16A78FA82A2F}.Release|x64.Build.0 = Release|x64
		{EF90EECE-0ECA-4775-BC8E-9CB36BDAA155}.Debug|Any CPU.ActiveCfg = Debug|x64
		{EF90EECE-0ECA-4775-BC8E-9CB36BDAA155}.Debug|Any CPU.Build.0 = Debug|x64
		{EF90EECE-0ECA-4775-BC8E-9CB36BDAA155}.Debug|x64.ActiveCfg = Debug|x64
		{EF90EECE-0ECA-4775-BC8E-9CB36BDAA155}.Debug|x64.Build.0 = Debug|x64
		{EF90EECE-0ECA-4775-BC8E-9CB36BDAA155}.Release|Any CPU.ActiveCfg = Release|x64
		{EF90EECE-0ECA-4775-BC8E-9CB36BDAA155}.Release|Any CPU.Build.0 = Release|x64
		{EF90EECE-0ECA-4775-BC8E-9CB36BDAA155}.Release|x64.ActiveCfg = Release|x64
		{678D4F1D-4397-44C1-B2B4-045CD108774D}.Debug|Any CPU.ActiveCfg = Debug|x64
		{678D4F1D-4397-44C1-B2B4-045CD108774D}.Debug|Any CPU.Build.0 = Debug|x64
		{678D4F1D-4397-44C1-B2B4-045CD108774D}.Debug|x64.ActiveCfg = Debug|x64
		{678D4F1D-4397-44C1-B2B4-045CD108774D}.Debug|x64.Build.0 = Debug|x64
		{678D4F1D-4397-44C1-B2B4-045CD108774D}.Release|Any CPU.ActiveCfg = Release|x64
		{678D4F1D-4397-44C1-B2B4-045CD108774D}.Release|Any CPU.Build.0 = Release|x64
		{678D4F1D-4397-44C1-B2B4-045CD108774D}.Release|x64.ActiveCfg = Release|x64
		{70EE91F6-0029-4F92-9E28-76F3E32D44F2}.Debug|Any CPU.ActiveCfg = Debug|x64
		{70EE91F6-0029-4F92-9E28-76F3E32D44F2}.Debug|Any CPU.Build.0 = Debug|x64
		{70EE91F6-0029-4F92-9E28-76F3E32D44F2}.Debug|x64.ActiveCfg = Debug|x64
		{70EE91F6-0029-4F92-9E28-76F3E32D44F2}.Debug|x64.Build.0 = Debug|x64
		{70EE91F6-0029-4F92-9E28-76F3E32D44F2}.Release|Any CPU.ActiveCfg = Release|x64
		{70EE91F6-0029-4F92-9E28-76F3E32D44F2}.Release|Any CPU.Build.0 = Release|x64
		{70EE91F6-0029-4F92-9E28-76F3E32D44F2}.Release|x64.ActiveCfg = Release|x64
		{691537B9-982A-4197-82C9-B5ECACBCB44C}.Debug|Any CPU.ActiveCfg = Debug|x64
		{691537B9-982A-4197-82C9-B5ECACBCB44C}.Debug|x64.ActiveCfg = Debug|x64
		{691537B9-982A-4197-82C9-B5ECACBCB44C}.Debug|x64.Build.0 = Debug|x64
		{691537B9-982A-4197-82C9-B5ECACBCB44C}.Release|Any CPU.ActiveCfg = Release|x64
		{691537B9-982A-4197-82C9-B5ECACBCB44C}.Release|x64.ActiveCfg = Release|x64
	EndGlobalSection
	GlobalSection(SolutionProperties) = preSolution
		HideSolutionNode = FALSE
	EndGlobalSection
	GlobalSection(ExtensibilityGlobals) = postSolution
		SolutionGuid = {884633E5-18D6-4201-8C53-46E4ED7CC170}
	EndGlobalSection
EndGlobal
