
Microsoft Visual Studio Solution File, Format Version 12.00
# Visual Studio Version 16
VisualStudioVersion = 16.0.29326.143
MinimumVisualStudioVersion = 10.0.40219.1
Project("{FAE04EC0-301F-11D3-BF4B-00C04F79EFBC}") = "DSC", "DicomStrictCompare\DSC.csproj", "{FA21EF2C-8DF0-4477-95EB-E6EDD19E96CC}"
EndProject
Project("{FAE04EC0-301F-11D3-BF4B-00C04F79EFBC}") = "DSCTests", "DSCTests\DSCTests.csproj", "{6967D44B-DE5A-4DF9-9614-5EEADAE5B4D2}"
EndProject
Project("{9A19103F-16F7-4668-BE54-9A1E7A4F7556}") = "DSCcore", "DSCcore\DSCcore.csproj", "{00F62653-72B9-499D-9D97-3452DBE05602}"
EndProject
Global
	GlobalSection(SolutionConfigurationPlatforms) = preSolution
		Debug|ARM = Debug|ARM
		Debug|ARM64 = Debug|ARM64
		Debug|x64 = Debug|x64
		Release|ARM = Release|ARM
		Release|ARM64 = Release|ARM64
		Release|x64 = Release|x64
	EndGlobalSection
	GlobalSection(ProjectConfigurationPlatforms) = postSolution
		{FA21EF2C-8DF0-4477-95EB-E6EDD19E96CC}.Debug|ARM.ActiveCfg = Debug|x64
		{FA21EF2C-8DF0-4477-95EB-E6EDD19E96CC}.Debug|ARM64.ActiveCfg = Debug|x64
		{FA21EF2C-8DF0-4477-95EB-E6EDD19E96CC}.Debug|x64.ActiveCfg = Debug|x64
		{FA21EF2C-8DF0-4477-95EB-E6EDD19E96CC}.Debug|x64.Build.0 = Debug|x64
		{FA21EF2C-8DF0-4477-95EB-E6EDD19E96CC}.Release|ARM.ActiveCfg = Release|x64
		{FA21EF2C-8DF0-4477-95EB-E6EDD19E96CC}.Release|ARM64.ActiveCfg = Release|x64
		{FA21EF2C-8DF0-4477-95EB-E6EDD19E96CC}.Release|x64.ActiveCfg = Release|x64
		{FA21EF2C-8DF0-4477-95EB-E6EDD19E96CC}.Release|x64.Build.0 = Release|x64
		{6967D44B-DE5A-4DF9-9614-5EEADAE5B4D2}.Debug|ARM.ActiveCfg = Debug|x64
		{6967D44B-DE5A-4DF9-9614-5EEADAE5B4D2}.Debug|ARM64.ActiveCfg = Debug|x64
		{6967D44B-DE5A-4DF9-9614-5EEADAE5B4D2}.Debug|x64.ActiveCfg = Debug|x64
		{6967D44B-DE5A-4DF9-9614-5EEADAE5B4D2}.Debug|x64.Build.0 = Debug|x64
		{6967D44B-DE5A-4DF9-9614-5EEADAE5B4D2}.Release|ARM.ActiveCfg = Release|x64
		{6967D44B-DE5A-4DF9-9614-5EEADAE5B4D2}.Release|ARM64.ActiveCfg = Release|x64
		{6967D44B-DE5A-4DF9-9614-5EEADAE5B4D2}.Release|x64.ActiveCfg = Release|x64
		{6967D44B-DE5A-4DF9-9614-5EEADAE5B4D2}.Release|x64.Build.0 = Release|x64
		{00F62653-72B9-499D-9D97-3452DBE05602}.Debug|ARM.ActiveCfg = Debug|Any CPU
		{00F62653-72B9-499D-9D97-3452DBE05602}.Debug|ARM.Build.0 = Debug|Any CPU
		{00F62653-72B9-499D-9D97-3452DBE05602}.Debug|ARM64.ActiveCfg = Debug|Any CPU
		{00F62653-72B9-499D-9D97-3452DBE05602}.Debug|ARM64.Build.0 = Debug|Any CPU
		{00F62653-72B9-499D-9D97-3452DBE05602}.Debug|x64.ActiveCfg = Debug|Any CPU
		{00F62653-72B9-499D-9D97-3452DBE05602}.Debug|x64.Build.0 = Debug|Any CPU
		{00F62653-72B9-499D-9D97-3452DBE05602}.Release|ARM.ActiveCfg = Release|Any CPU
		{00F62653-72B9-499D-9D97-3452DBE05602}.Release|ARM.Build.0 = Release|Any CPU
		{00F62653-72B9-499D-9D97-3452DBE05602}.Release|ARM64.ActiveCfg = Release|Any CPU
		{00F62653-72B9-499D-9D97-3452DBE05602}.Release|ARM64.Build.0 = Release|Any CPU
		{00F62653-72B9-499D-9D97-3452DBE05602}.Release|x64.ActiveCfg = Release|x64
		{00F62653-72B9-499D-9D97-3452DBE05602}.Release|x64.Build.0 = Release|x64
	EndGlobalSection
	GlobalSection(SolutionProperties) = preSolution
		HideSolutionNode = FALSE
	EndGlobalSection
	GlobalSection(ExtensibilityGlobals) = postSolution
		SolutionGuid = {884633E5-18D6-4201-8C53-46E4ED7CC170}
	EndGlobalSection
EndGlobal
