
Microsoft Visual Studio Solution File, Format Version 12.00
# Visual Studio Version 17
VisualStudioVersion = 17.0.31717.71
MinimumVisualStudioVersion = 10.0.40219.1
Project("{9A19103F-16F7-4668-BE54-9A1E7A4F7556}") = "DSCcore", "DSCcore\DSCcore.csproj", "{F44943C6-F24F-4AE7-A793-1EF96AB7CAE4}"
EndProject
Project("{9A19103F-16F7-4668-BE54-9A1E7A4F7556}") = "DSCcoreTest", "DSCcoreTest\DSCcoreTest.csproj", "{587022AB-718E-4EC6-821A-16A78FA82A2F}"
EndProject
Project("{9A19103F-16F7-4668-BE54-9A1E7A4F7556}") = "ProfileBatchCompare", "ProfileBatchCompare\ProfileBatchCompare.csproj", "{6E4A762B-E90F-459B-A227-FC298AEDD975}"
EndProject
Global
	GlobalSection(SolutionConfigurationPlatforms) = preSolution
		Debug|Any CPU = Debug|Any CPU
		Debug|x64 = Debug|x64
		Release|Any CPU = Release|Any CPU
		Release|x64 = Release|x64
	EndGlobalSection
	GlobalSection(ProjectConfigurationPlatforms) = postSolution
		{F44943C6-F24F-4AE7-A793-1EF96AB7CAE4}.Debug|Any CPU.ActiveCfg = Debug|x64
		{F44943C6-F24F-4AE7-A793-1EF96AB7CAE4}.Debug|x64.ActiveCfg = Debug|x64
		{F44943C6-F24F-4AE7-A793-1EF96AB7CAE4}.Debug|x64.Build.0 = Debug|x64
		{F44943C6-F24F-4AE7-A793-1EF96AB7CAE4}.Release|Any CPU.ActiveCfg = Release|x64
		{F44943C6-F24F-4AE7-A793-1EF96AB7CAE4}.Release|x64.ActiveCfg = Release|x64
		{F44943C6-F24F-4AE7-A793-1EF96AB7CAE4}.Release|x64.Build.0 = Release|x64
		{587022AB-718E-4EC6-821A-16A78FA82A2F}.Debug|Any CPU.ActiveCfg = Debug|x64
		{587022AB-718E-4EC6-821A-16A78FA82A2F}.Debug|x64.ActiveCfg = Debug|x64
		{587022AB-718E-4EC6-821A-16A78FA82A2F}.Debug|x64.Build.0 = Debug|x64
		{587022AB-718E-4EC6-821A-16A78FA82A2F}.Release|Any CPU.ActiveCfg = Release|x64
		{587022AB-718E-4EC6-821A-16A78FA82A2F}.Release|x64.ActiveCfg = Release|x64
		{587022AB-718E-4EC6-821A-16A78FA82A2F}.Release|x64.Build.0 = Release|x64
		{6E4A762B-E90F-459B-A227-FC298AEDD975}.Debug|Any CPU.ActiveCfg = Debug|Any CPU
		{6E4A762B-E90F-459B-A227-FC298AEDD975}.Debug|Any CPU.Build.0 = Debug|Any CPU
		{6E4A762B-E90F-459B-A227-FC298AEDD975}.Debug|x64.ActiveCfg = Debug|Any CPU
		{6E4A762B-E90F-459B-A227-FC298AEDD975}.Debug|x64.Build.0 = Debug|Any CPU
		{6E4A762B-E90F-459B-A227-FC298AEDD975}.Release|Any CPU.ActiveCfg = Release|Any CPU
		{6E4A762B-E90F-459B-A227-FC298AEDD975}.Release|Any CPU.Build.0 = Release|Any CPU
		{6E4A762B-E90F-459B-A227-FC298AEDD975}.Release|x64.ActiveCfg = Release|Any CPU
		{6E4A762B-E90F-459B-A227-FC298AEDD975}.Release|x64.Build.0 = Release|Any CPU
	EndGlobalSection
	GlobalSection(SolutionProperties) = preSolution
		HideSolutionNode = FALSE
	EndGlobalSection
	GlobalSection(ExtensibilityGlobals) = postSolution
		SolutionGuid = {884633E5-18D6-4201-8C53-46E4ED7CC170}
	EndGlobalSection
EndGlobal
